<?xml version="1.0" encoding="utf-8"?>
<Project ToolsVersion="4.0" xmlns="http://schemas.microsoft.com/developer/msbuild/2003">
  <ItemGroup>
    <ClInclude Include="GameObject\Character\Enemy\enemy.h">
      <Filter>GameObject\Character\Enemy</Filter>
    </ClInclude>
    <ClInclude Include="GameObject\Character\Player\player.h">
      <Filter>GameObject\Character\Player</Filter>
    </ClInclude>
    <ClInclude Include="Component\component.h">
      <Filter>Component</Filter>
    </ClInclude>
    <ClInclude Include="Component\collision.h">
      <Filter>Component\Collision</Filter>
    </ClInclude>
    <ClInclude Include="Component\boxCollisionComponent.h">
      <Filter>Component\Collision</Filter>
    </ClInclude>
    <ClInclude Include="Manager\inputManager.h">
      <Filter>Manager</Filter>
    </ClInclude>
    <ClInclude Include="Manager\sceneManager.h">
      <Filter>Manager</Filter>
    </ClInclude>
    <ClInclude Include="Scene\gameScene.h">
      <Filter>Scene</Filter>
    </ClInclude>
    <ClInclude Include="GameObject\Character\character.h">
      <Filter>GameObject\Character</Filter>
    </ClInclude>
    <ClInclude Include="GameObject\gameObject.h">
      <Filter>GameObject</Filter>
    </ClInclude>
    <ClInclude Include="Scene\scene.h">
      <Filter>Scene</Filter>
    </ClInclude>
    <ClInclude Include="Main\main.h">
      <Filter>Main</Filter>
    </ClInclude>
    <ClInclude Include="GameObject\Block\block.h">
      <Filter>GameObject\Block</Filter>
    </ClInclude>
    <ClInclude Include="PlayerState\playerState.h">
      <Filter>PlayerState</Filter>
    </ClInclude>
    <ClInclude Include="PlayerState\playerStateIdle.h">
      <Filter>PlayerState</Filter>
    </ClInclude>
    <ClInclude Include="PlayerState\playerStateJump.h">
      <Filter>PlayerState</Filter>
    </ClInclude>
    <ClInclude Include="PlayerState\playerStateWalk.h">
      <Filter>PlayerState</Filter>
    </ClInclude>
    <ClInclude Include="PlayerState\playerStateAir.h">
      <Filter>PlayerState</Filter>
    </ClInclude>
    <ClInclude Include="Manager\textureManager.h">
      <Filter>Manager</Filter>
    </ClInclude>
    <ClInclude Include="GameObject\Bullet\bullet.h">
      <Filter>GameObject\Bullet</Filter>
    </ClInclude>
    <ClInclude Include="Manager\bulletManager.h">
      <Filter>Manager</Filter>
    </ClInclude>
    <ClInclude Include="PlayerState\playerStateShoot.h">
      <Filter>PlayerState</Filter>
    </ClInclude>
    <ClInclude Include="GameObject\Character\Enemy\jellyfish.h">
      <Filter>GameObject\Character\Enemy</Filter>
    </ClInclude>
    <ClInclude Include="Manager\mapManager.h">
      <Filter>Manager</Filter>
    </ClInclude>
    <ClInclude Include="GameObject\Camera\camera.h">
      <Filter>GameObject\Camera</Filter>
    </ClInclude>
    <ClInclude Include="Manager\enemyManager.h">
      <Filter>Manager</Filter>
    </ClInclude>
    <ClInclude Include="Scene\titleScene.h">
      <Filter>Scene</Filter>
    </ClInclude>
    <ClInclude Include="UI\ui.h">
      <Filter>UI</Filter>
    </ClInclude>
    <ClInclude Include="GameObject\Character\Enemy\snail.h">
      <Filter>GameObject\Character\Enemy</Filter>
    </ClInclude>
    <ClInclude Include="UI\fade.h">
      <Filter>UI</Filter>
    </ClInclude>
    <ClInclude Include="Manager\soundManager.h">
      <Filter>Manager</Filter>
    </ClInclude>
  </ItemGroup>
  <ItemGroup>
    <ClCompile Include="GameObject\Character\Enemy\enemy.cpp">
      <Filter>GameObject\Character\Enemy</Filter>
    </ClCompile>
    <ClCompile Include="GameObject\Character\Player\player.cpp">
      <Filter>GameObject\Character\Player</Filter>
    </ClCompile>
    <ClCompile Include="Manager\inputManager.cpp">
      <Filter>Manager</Filter>
    </ClCompile>
    <ClCompile Include="Manager\textureManager.cpp">
      <Filter>Manager</Filter>
    </ClCompile>
    <ClCompile Include="Scene\gameScene.cpp">
      <Filter>Scene</Filter>
    </ClCompile>
    <ClCompile Include="Main\main.cpp">
      <Filter>Main</Filter>
    </ClCompile>
    <ClCompile Include="Component\boxCollisionComponent.cpp">
      <Filter>Component\Collision</Filter>
    </ClCompile>
    <ClCompile Include="Component\collision.cpp">
      <Filter>Component\Collision</Filter>
    </ClCompile>
    <ClCompile Include="Component\sceneManager.cpp">
      <Filter>Manager</Filter>
    </ClCompile>
    <ClCompile Include="GameObject\Block\block.cpp">
      <Filter>GameObject\Block</Filter>
    </ClCompile>
    <ClCompile Include="PlayerState\playerStateIdle.cpp">
      <Filter>PlayerState</Filter>
    </ClCompile>
    <ClCompile Include="PlayerState\playerStateAir.cpp">
      <Filter>PlayerState</Filter>
    </ClCompile>
    <ClCompile Include="PlayerState\playerStateJump.cpp">
      <Filter>PlayerState</Filter>
    </ClCompile>
    <ClCompile Include="GameObject\Bullet\bullet.cpp">
      <Filter>GameObject\Bullet</Filter>
    </ClCompile>
    <ClCompile Include="Manager\bulletManager.cpp">
      <Filter>Manager</Filter>
    </ClCompile>
    <ClCompile Include="PlayerState\playerStateShoot.cpp">
      <Filter>PlayerState</Filter>
    </ClCompile>
    <ClCompile Include="GameObject\Character\Enemy\jellyfish.cpp">
      <Filter>GameObject\Character\Enemy</Filter>
    </ClCompile>
    <ClCompile Include="GameObject\Character\Enemy\snail.cpp">
      <Filter>GameObject\Character\Enemy</Filter>
    </ClCompile>
    <ClCompile Include="Manager\mapManager.cpp">
      <Filter>Manager</Filter>
    </ClCompile>
    <ClCompile Include="GameObject\Camera\camera.cpp">
      <Filter>GameObject\Camera</Filter>
    </ClCompile>
    <ClCompile Include="Manager\enemyManager.cpp">
      <Filter>Manager</Filter>
    </ClCompile>
    <ClCompile Include="Scene\titleScene.cpp">
      <Filter>Scene</Filter>
    </ClCompile>
    <ClCompile Include="UI\ui.cpp">
      <Filter>UI</Filter>
    </ClCompile>
    <ClCompile Include="Scene\scene.cpp">
      <Filter>Scene</Filter>
    </ClCompile>
    <ClCompile Include="GameObject\Character\character.cpp">
      <Filter>GameObject\Character</Filter>
    </ClCompile>
    <ClCompile Include="PlayerState\playerStateWalk.cpp">
      <Filter>PlayerState</Filter>
    </ClCompile>
    <ClCompile Include="UI\fade.cpp">
      <Filter>UI</Filter>
    </ClCompile>
    <ClCompile Include="Manager\soundManager.cpp">
      <Filter>Manager</Filter>
    </ClCompile>
  </ItemGroup>
  <ItemGroup>
    <Filter Include="Component">
      <UniqueIdentifier>{5015c99a-7174-4404-be32-2481dcdb901a}</UniqueIdentifier>
    </Filter>
    <Filter Include="Component\Collision">
      <UniqueIdentifier>{93cd417d-c291-44d2-8f65-0ff297e75076}</UniqueIdentifier>
    </Filter>
    <Filter Include="Manager">
      <UniqueIdentifier>{a24d40d1-fc30-4868-abfb-105722f454e9}</UniqueIdentifier>
    </Filter>
    <Filter Include="Scene">
      <UniqueIdentifier>{d73d90c9-ab20-4bc1-a775-4e2483428894}</UniqueIdentifier>
    </Filter>
    <Filter Include="GameObject">
      <UniqueIdentifier>{e39c65f2-a90c-4b89-b73e-51dba9a361a2}</UniqueIdentifier>
    </Filter>
    <Filter Include="GameObject\Character">
      <UniqueIdentifier>{4d4f1ed8-f231-4546-b3fb-1b0d5f455d1a}</UniqueIdentifier>
    </Filter>
    <Filter Include="GameObject\Character\Enemy">
      <UniqueIdentifier>{a5e1bc26-b14d-45b1-be38-da64c83dca6f}</UniqueIdentifier>
    </Filter>
    <Filter Include="GameObject\Character\Player">
      <UniqueIdentifier>{c119f24a-3139-4ff8-aaf2-ca47110817ce}</UniqueIdentifier>
    </Filter>
    <Filter Include="Main">
      <UniqueIdentifier>{b8f38747-8678-4690-9143-9061d86c14d4}</UniqueIdentifier>
    </Filter>
    <Filter Include="GameObject\Block">
      <UniqueIdentifier>{b1193bdf-c961-4928-87f9-54fee0e8fc2b}</UniqueIdentifier>
    </Filter>
    <Filter Include="PlayerState">
      <UniqueIdentifier>{32d00c53-82a8-4196-80af-1018ef1237d4}</UniqueIdentifier>
    </Filter>
    <Filter Include="GameObject\Bullet">
      <UniqueIdentifier>{a835530f-f718-48aa-9b77-9ff9bfa4965b}</UniqueIdentifier>
    </Filter>
    <Filter Include="GameObject\Camera">
      <UniqueIdentifier>{882c6d7d-93cd-42b7-a2fc-536bf75d8035}</UniqueIdentifier>
    </Filter>
    <Filter Include="UI">
      <UniqueIdentifier>{2060b528-59a0-4141-b740-afcc929c3c20}</UniqueIdentifier>
    </Filter>
  </ItemGroup>
</Project>